// !$*UTF8*$!
{
	archiveVersion = 1;
	classes = {
	};
	objectVersion = 50;
	objects = {

/* Begin PBXBuildFile section */
		2624F0B3222EDD1C0034EF51 /* AppDelegate.swift in Sources */ = {isa = PBXBuildFile; fileRef = 2624F0B2222EDD1C0034EF51 /* AppDelegate.swift */; };
		2624F0B5222EDD1C0034EF51 /* WeatherViewController.swift in Sources */ = {isa = PBXBuildFile; fileRef = 2624F0B4222EDD1C0034EF51 /* WeatherViewController.swift */; };
		2624F0BB222EDD1C0034EF51 /* OpenWeatherTestApp.xcdatamodeld in Sources */ = {isa = PBXBuildFile; fileRef = 2624F0B9222EDD1C0034EF51 /* OpenWeatherTestApp.xcdatamodeld */; };
		2624F0BD222EDD200034EF51 /* Assets.xcassets in Resources */ = {isa = PBXBuildFile; fileRef = 2624F0BC222EDD200034EF51 /* Assets.xcassets */; };
		2624F0C0222EDD200034EF51 /* LaunchScreen.storyboard in Resources */ = {isa = PBXBuildFile; fileRef = 2624F0BE222EDD200034EF51 /* LaunchScreen.storyboard */; };
		2624F0CE222EE0EA0034EF51 /* WeatherViewModel.swift in Sources */ = {isa = PBXBuildFile; fileRef = 2624F0CD222EE0EA0034EF51 /* WeatherViewModel.swift */; };
		2624F0D0222EE2D70034EF51 /* WeatherVCExtension.swift in Sources */ = {isa = PBXBuildFile; fileRef = 2624F0CF222EE2D70034EF51 /* WeatherVCExtension.swift */; };
		2624F0D2222EE8120034EF51 /* SwipeCVProtocols.swift in Sources */ = {isa = PBXBuildFile; fileRef = 2624F0D1222EE8120034EF51 /* SwipeCVProtocols.swift */; };
		2624F0D5222EE9E30034EF51 /* WeatherCVCell.swift in Sources */ = {isa = PBXBuildFile; fileRef = 2624F0D4222EE9E30034EF51 /* WeatherCVCell.swift */; };
		2645E35F22304F3500F9D8C1 /* WeatherForecastTVProtocols.swift in Sources */ = {isa = PBXBuildFile; fileRef = 2645E35E22304F3500F9D8C1 /* WeatherForecastTVProtocols.swift */; };
		2645E3612230546C00F9D8C1 /* WeatherForecastTVCell.swift in Sources */ = {isa = PBXBuildFile; fileRef = 2645E3602230546C00F9D8C1 /* WeatherForecastTVCell.swift */; };
		2645E3642230855900F9D8C1 /* StringExtension.swift in Sources */ = {isa = PBXBuildFile; fileRef = 2645E3632230855900F9D8C1 /* StringExtension.swift */; };
		2645E36622309E5400F9D8C1 /* WeatherCVCellExtension.swift in Sources */ = {isa = PBXBuildFile; fileRef = 2645E36522309E5400F9D8C1 /* WeatherCVCellExtension.swift */; };
		2645E36822309EB300F9D8C1 /* WeatherForecastTVCellExtension.swift in Sources */ = {isa = PBXBuildFile; fileRef = 2645E36722309EB300F9D8C1 /* WeatherForecastTVCellExtension.swift */; };
		2645E36A2231930600F9D8C1 /* CoreDataStorage.swift in Sources */ = {isa = PBXBuildFile; fileRef = 2645E3692231930600F9D8C1 /* CoreDataStorage.swift */; };
		2645E36D2231A36900F9D8C1 /* Weather.swift in Sources */ = {isa = PBXBuildFile; fileRef = 2645E36C2231A36900F9D8C1 /* Weather.swift */; };
		2645E3732231D6AA00F9D8C1 /* CollectionViewCellExtension.swift in Sources */ = {isa = PBXBuildFile; fileRef = 2645E3722231D6AA00F9D8C1 /* CollectionViewCellExtension.swift */; };
		2645E3752231DC4000F9D8C1 /* IntExtension.swift in Sources */ = {isa = PBXBuildFile; fileRef = 2645E3742231DC4000F9D8C1 /* IntExtension.swift */; };
		2645E3792231F47700F9D8C1 /* TableVIewCellExtension.swift in Sources */ = {isa = PBXBuildFile; fileRef = 2645E3782231F47700F9D8C1 /* TableVIewCellExtension.swift */; };
		2645E37D2232047200F9D8C1 /* WeatherForecastTVCViewModel.swift in Sources */ = {isa = PBXBuildFile; fileRef = 2645E37C2232047200F9D8C1 /* WeatherForecastTVCViewModel.swift */; };
		2645E38022328DEA00F9D8C1 /* AddNewCityViewController.swift in Sources */ = {isa = PBXBuildFile; fileRef = 2645E37F22328DEA00F9D8C1 /* AddNewCityViewController.swift */; };
		2645E3822232916300F9D8C1 /* AddNewCityVCExtension.swift in Sources */ = {isa = PBXBuildFile; fileRef = 2645E3812232916300F9D8C1 /* AddNewCityVCExtension.swift */; };
		2645E3842232A57F00F9D8C1 /* AddNewCityTVProtocols.swift in Sources */ = {isa = PBXBuildFile; fileRef = 2645E3832232A57F00F9D8C1 /* AddNewCityTVProtocols.swift */; };
		26E75473222F1C8A00B87ED9 /* NetworkService.swift in Sources */ = {isa = PBXBuildFile; fileRef = 26E75472222F1C8A00B87ED9 /* NetworkService.swift */; };
		26EDF23822331FF500EFFE6D /* City.swift in Sources */ = {isa = PBXBuildFile; fileRef = 26EDF23722331FF500EFFE6D /* City.swift */; };
		26EDF23A2233D1C300EFFE6D /* AddNewCitySBProtocols.swift in Sources */ = {isa = PBXBuildFile; fileRef = 26EDF2392233D1C300EFFE6D /* AddNewCitySBProtocols.swift */; };
		26EDF23C2233D73F00EFFE6D /* AddNewCityViewModel.swift in Sources */ = {isa = PBXBuildFile; fileRef = 26EDF23B2233D73F00EFFE6D /* AddNewCityViewModel.swift */; };
		26EDF23E223408FB00EFFE6D /* DataSaverService.swift in Sources */ = {isa = PBXBuildFile; fileRef = 26EDF23D223408FB00EFFE6D /* DataSaverService.swift */; };
		26EDF24122344AEF00EFFE6D /* EditSavedCitiesViewController.swift in Sources */ = {isa = PBXBuildFile; fileRef = 26EDF24022344AEF00EFFE6D /* EditSavedCitiesViewController.swift */; };
		26EDF24322344B4400EFFE6D /* EditSavedCitiesVCExtension.swift in Sources */ = {isa = PBXBuildFile; fileRef = 26EDF24222344B4400EFFE6D /* EditSavedCitiesVCExtension.swift */; };
		26EDF24522344C8A00EFFE6D /* SavedCitiesTVProtocol.swift in Sources */ = {isa = PBXBuildFile; fileRef = 26EDF24422344C8A00EFFE6D /* SavedCitiesTVProtocol.swift */; };
		26EDF247223457A500EFFE6D /* EditSavedCitiesViewModel.swift in Sources */ = {isa = PBXBuildFile; fileRef = 26EDF246223457A500EFFE6D /* EditSavedCitiesViewModel.swift */; };
		26EDF249223519F400EFFE6D /* ViewExtension.swift in Sources */ = {isa = PBXBuildFile; fileRef = 26EDF248223519F400EFFE6D /* ViewExtension.swift */; };
/* End PBXBuildFile section */

/* Begin PBXFileReference section */
		2624F0AF222EDD1C0034EF51 /* OpenWeatherTestApp.app */ = {isa = PBXFileReference; explicitFileType = wrapper.application; includeInIndex = 0; path = OpenWeatherTestApp.app; sourceTree = BUILT_PRODUCTS_DIR; };
		2624F0B2222EDD1C0034EF51 /* AppDelegate.swift */ = {isa = PBXFileReference; lastKnownFileType = sourcecode.swift; path = AppDelegate.swift; sourceTree = "<group>"; };
		2624F0B4222EDD1C0034EF51 /* WeatherViewController.swift */ = {isa = PBXFileReference; lastKnownFileType = sourcecode.swift; path = WeatherViewController.swift; sourceTree = "<group>"; };
		2624F0BA222EDD1C0034EF51 /* OpenWeatherTestApp.xcdatamodel */ = {isa = PBXFileReference; lastKnownFileType = wrapper.xcdatamodel; path = OpenWeatherTestApp.xcdatamodel; sourceTree = "<group>"; };
		2624F0BC222EDD200034EF51 /* Assets.xcassets */ = {isa = PBXFileReference; lastKnownFileType = folder.assetcatalog; path = Assets.xcassets; sourceTree = "<group>"; };
		2624F0BF222EDD200034EF51 /* Base */ = {isa = PBXFileReference; lastKnownFileType = file.storyboard; name = Base; path = Base.lproj/LaunchScreen.storyboard; sourceTree = "<group>"; };
		2624F0C1222EDD200034EF51 /* Info.plist */ = {isa = PBXFileReference; lastKnownFileType = text.plist.xml; path = Info.plist; sourceTree = "<group>"; };
		2624F0CD222EE0EA0034EF51 /* WeatherViewModel.swift */ = {isa = PBXFileReference; lastKnownFileType = sourcecode.swift; path = WeatherViewModel.swift; sourceTree = "<group>"; };
		2624F0CF222EE2D70034EF51 /* WeatherVCExtension.swift */ = {isa = PBXFileReference; lastKnownFileType = sourcecode.swift; path = WeatherVCExtension.swift; sourceTree = "<group>"; };
		2624F0D1222EE8120034EF51 /* SwipeCVProtocols.swift */ = {isa = PBXFileReference; lastKnownFileType = sourcecode.swift; path = SwipeCVProtocols.swift; sourceTree = "<group>"; };
		2624F0D4222EE9E30034EF51 /* WeatherCVCell.swift */ = {isa = PBXFileReference; lastKnownFileType = sourcecode.swift; path = WeatherCVCell.swift; sourceTree = "<group>"; };
		2645E35E22304F3500F9D8C1 /* WeatherForecastTVProtocols.swift */ = {isa = PBXFileReference; lastKnownFileType = sourcecode.swift; path = WeatherForecastTVProtocols.swift; sourceTree = "<group>"; };
		2645E3602230546C00F9D8C1 /* WeatherForecastTVCell.swift */ = {isa = PBXFileReference; lastKnownFileType = sourcecode.swift; path = WeatherForecastTVCell.swift; sourceTree = "<group>"; };
		2645E3632230855900F9D8C1 /* StringExtension.swift */ = {isa = PBXFileReference; lastKnownFileType = sourcecode.swift; path = StringExtension.swift; sourceTree = "<group>"; };
		2645E36522309E5400F9D8C1 /* WeatherCVCellExtension.swift */ = {isa = PBXFileReference; lastKnownFileType = sourcecode.swift; path = WeatherCVCellExtension.swift; sourceTree = "<group>"; };
		2645E36722309EB300F9D8C1 /* WeatherForecastTVCellExtension.swift */ = {isa = PBXFileReference; lastKnownFileType = sourcecode.swift; path = WeatherForecastTVCellExtension.swift; sourceTree = "<group>"; };
		2645E3692231930600F9D8C1 /* CoreDataStorage.swift */ = {isa = PBXFileReference; fileEncoding = 4; lastKnownFileType = sourcecode.swift; path = CoreDataStorage.swift; sourceTree = "<group>"; };
		2645E36C2231A36900F9D8C1 /* Weather.swift */ = {isa = PBXFileReference; lastKnownFileType = sourcecode.swift; path = Weather.swift; sourceTree = "<group>"; };
		2645E3722231D6AA00F9D8C1 /* CollectionViewCellExtension.swift */ = {isa = PBXFileReference; lastKnownFileType = sourcecode.swift; path = CollectionViewCellExtension.swift; sourceTree = "<group>"; };
		2645E3742231DC4000F9D8C1 /* IntExtension.swift */ = {isa = PBXFileReference; lastKnownFileType = sourcecode.swift; path = IntExtension.swift; sourceTree = "<group>"; };
		2645E3782231F47700F9D8C1 /* TableVIewCellExtension.swift */ = {isa = PBXFileReference; lastKnownFileType = sourcecode.swift; path = TableVIewCellExtension.swift; sourceTree = "<group>"; };
		2645E37C2232047200F9D8C1 /* WeatherForecastTVCViewModel.swift */ = {isa = PBXFileReference; lastKnownFileType = sourcecode.swift; path = WeatherForecastTVCViewModel.swift; sourceTree = "<group>"; };
		2645E37F22328DEA00F9D8C1 /* AddNewCityViewController.swift */ = {isa = PBXFileReference; lastKnownFileType = sourcecode.swift; path = AddNewCityViewController.swift; sourceTree = "<group>"; };
		2645E3812232916300F9D8C1 /* AddNewCityVCExtension.swift */ = {isa = PBXFileReference; lastKnownFileType = sourcecode.swift; path = AddNewCityVCExtension.swift; sourceTree = "<group>"; };
		2645E3832232A57F00F9D8C1 /* AddNewCityTVProtocols.swift */ = {isa = PBXFileReference; lastKnownFileType = sourcecode.swift; path = AddNewCityTVProtocols.swift; sourceTree = "<group>"; };
		26E75472222F1C8A00B87ED9 /* NetworkService.swift */ = {isa = PBXFileReference; lastKnownFileType = sourcecode.swift; path = NetworkService.swift; sourceTree = "<group>"; };
		26EDF23722331FF500EFFE6D /* City.swift */ = {isa = PBXFileReference; lastKnownFileType = sourcecode.swift; path = City.swift; sourceTree = "<group>"; };
		26EDF2392233D1C300EFFE6D /* AddNewCitySBProtocols.swift */ = {isa = PBXFileReference; lastKnownFileType = sourcecode.swift; path = AddNewCitySBProtocols.swift; sourceTree = "<group>"; };
		26EDF23B2233D73F00EFFE6D /* AddNewCityViewModel.swift */ = {isa = PBXFileReference; lastKnownFileType = sourcecode.swift; path = AddNewCityViewModel.swift; sourceTree = "<group>"; };
		26EDF23D223408FB00EFFE6D /* DataSaverService.swift */ = {isa = PBXFileReference; lastKnownFileType = sourcecode.swift; path = DataSaverService.swift; sourceTree = "<group>"; };
		26EDF24022344AEF00EFFE6D /* EditSavedCitiesViewController.swift */ = {isa = PBXFileReference; lastKnownFileType = sourcecode.swift; path = EditSavedCitiesViewController.swift; sourceTree = "<group>"; };
		26EDF24222344B4400EFFE6D /* EditSavedCitiesVCExtension.swift */ = {isa = PBXFileReference; lastKnownFileType = sourcecode.swift; path = EditSavedCitiesVCExtension.swift; sourceTree = "<group>"; };
		26EDF24422344C8A00EFFE6D /* SavedCitiesTVProtocol.swift */ = {isa = PBXFileReference; lastKnownFileType = sourcecode.swift; path = SavedCitiesTVProtocol.swift; sourceTree = "<group>"; };
		26EDF246223457A500EFFE6D /* EditSavedCitiesViewModel.swift */ = {isa = PBXFileReference; lastKnownFileType = sourcecode.swift; path = EditSavedCitiesViewModel.swift; sourceTree = "<group>"; };
		26EDF248223519F400EFFE6D /* ViewExtension.swift */ = {isa = PBXFileReference; lastKnownFileType = sourcecode.swift; path = ViewExtension.swift; sourceTree = "<group>"; };
/* End PBXFileReference section */

/* Begin PBXFrameworksBuildPhase section */
		2624F0AC222EDD1C0034EF51 /* Frameworks */ = {
			isa = PBXFrameworksBuildPhase;
			buildActionMask = 2147483647;
			files = (
			);
			runOnlyForDeploymentPostprocessing = 0;
		};
/* End PBXFrameworksBuildPhase section */

/* Begin PBXGroup section */
		2624F0A6222EDD1C0034EF51 = {
			isa = PBXGroup;
			children = (
				2624F0B1222EDD1C0034EF51 /* OpenWeatherTestApp */,
				2624F0B0222EDD1C0034EF51 /* Products */,
			);
			sourceTree = "<group>";
		};
		2624F0B0222EDD1C0034EF51 /* Products */ = {
			isa = PBXGroup;
			children = (
				2624F0AF222EDD1C0034EF51 /* OpenWeatherTestApp.app */,
			);
			name = Products;
			sourceTree = "<group>";
		};
		2624F0B1222EDD1C0034EF51 /* OpenWeatherTestApp */ = {
			isa = PBXGroup;
			children = (
				2624F0C7222EDD2E0034EF51 /* AppDelegate */,
				26EDF23622331C8600EFFE6D /* CoreData */,
				2645E36B2231950D00F9D8C1 /* Services */,
				2624F0CA222EDDE50034EF51 /* Model */,
				2624F0C8222EDD670034EF51 /* View */,
				2624F0CB222EDDFA0034EF51 /* ViewModel */,
				2624F0C9222EDD810034EF51 /* Resources */,
				2645E3622230854200F9D8C1 /* Helpers */,
			);
			path = OpenWeatherTestApp;
			sourceTree = "<group>";
		};
		2624F0C7222EDD2E0034EF51 /* AppDelegate */ = {
			isa = PBXGroup;
			children = (
				2624F0B2222EDD1C0034EF51 /* AppDelegate.swift */,
			);
			path = AppDelegate;
			sourceTree = "<group>";
		};
		2624F0C8222EDD670034EF51 /* View */ = {
			isa = PBXGroup;
			children = (
				2624F0CC222EE0BA0034EF51 /* WeatherScreen */,
				2645E37E22328D7C00F9D8C1 /* AddNewCityScreen */,
				26EDF23F22344A7D00EFFE6D /* EditSavedCitiesScreen */,
			);
			path = View;
			sourceTree = "<group>";
		};
		2624F0C9222EDD810034EF51 /* Resources */ = {
			isa = PBXGroup;
			children = (
				2624F0BC222EDD200034EF51 /* Assets.xcassets */,
				2624F0B9222EDD1C0034EF51 /* OpenWeatherTestApp.xcdatamodeld */,
				2624F0C1222EDD200034EF51 /* Info.plist */,
				2624F0BE222EDD200034EF51 /* LaunchScreen.storyboard */,
			);
			path = Resources;
			sourceTree = "<group>";
		};
		2624F0CA222EDDE50034EF51 /* Model */ = {
			isa = PBXGroup;
			children = (
				2645E36C2231A36900F9D8C1 /* Weather.swift */,
				26EDF23722331FF500EFFE6D /* City.swift */,
			);
			path = Model;
			sourceTree = "<group>";
		};
		2624F0CB222EDDFA0034EF51 /* ViewModel */ = {
			isa = PBXGroup;
			children = (
				2624F0CD222EE0EA0034EF51 /* WeatherViewModel.swift */,
				2645E37C2232047200F9D8C1 /* WeatherForecastTVCViewModel.swift */,
				26EDF23B2233D73F00EFFE6D /* AddNewCityViewModel.swift */,
				26EDF246223457A500EFFE6D /* EditSavedCitiesViewModel.swift */,
			);
			path = ViewModel;
			sourceTree = "<group>";
		};
		2624F0CC222EE0BA0034EF51 /* WeatherScreen */ = {
			isa = PBXGroup;
			children = (
				2624F0B4222EDD1C0034EF51 /* WeatherViewController.swift */,
				2624F0CF222EE2D70034EF51 /* WeatherVCExtension.swift */,
				2624F0D1222EE8120034EF51 /* SwipeCVProtocols.swift */,
				2624F0D6222EECA20034EF51 /* SwipeWeatherCollectionViewCell */,
			);
			path = WeatherScreen;
			sourceTree = "<group>";
		};
		2624F0D6222EECA20034EF51 /* SwipeWeatherCollectionViewCell */ = {
			isa = PBXGroup;
			children = (
				2624F0D4222EE9E30034EF51 /* WeatherCVCell.swift */,
				2645E36522309E5400F9D8C1 /* WeatherCVCellExtension.swift */,
				2645E35E22304F3500F9D8C1 /* WeatherForecastTVProtocols.swift */,
				2645E35D22304EB800F9D8C1 /* WeatherForecastTableViewCell */,
			);
			path = SwipeWeatherCollectionViewCell;
			sourceTree = "<group>";
		};
		2645E35D22304EB800F9D8C1 /* WeatherForecastTableViewCell */ = {
			isa = PBXGroup;
			children = (
				2645E3602230546C00F9D8C1 /* WeatherForecastTVCell.swift */,
				2645E36722309EB300F9D8C1 /* WeatherForecastTVCellExtension.swift */,
			);
			path = WeatherForecastTableViewCell;
			sourceTree = "<group>";
		};
		2645E3622230854200F9D8C1 /* Helpers */ = {
			isa = PBXGroup;
			children = (
				2645E3632230855900F9D8C1 /* StringExtension.swift */,
				2645E3722231D6AA00F9D8C1 /* CollectionViewCellExtension.swift */,
				2645E3782231F47700F9D8C1 /* TableVIewCellExtension.swift */,
				2645E3742231DC4000F9D8C1 /* IntExtension.swift */,
				26EDF248223519F400EFFE6D /* ViewExtension.swift */,
			);
			path = Helpers;
			sourceTree = "<group>";
		};
		2645E36B2231950D00F9D8C1 /* Services */ = {
			isa = PBXGroup;
			children = (
				26E75472222F1C8A00B87ED9 /* NetworkService.swift */,
				26EDF23D223408FB00EFFE6D /* DataSaverService.swift */,
			);
			path = Services;
			sourceTree = "<group>";
		};
		2645E37E22328D7C00F9D8C1 /* AddNewCityScreen */ = {
			isa = PBXGroup;
			children = (
				2645E37F22328DEA00F9D8C1 /* AddNewCityViewController.swift */,
				2645E3812232916300F9D8C1 /* AddNewCityVCExtension.swift */,
				2645E3832232A57F00F9D8C1 /* AddNewCityTVProtocols.swift */,
				26EDF2392233D1C300EFFE6D /* AddNewCitySBProtocols.swift */,
			);
			path = AddNewCityScreen;
			sourceTree = "<group>";
		};
		26EDF23622331C8600EFFE6D /* CoreData */ = {
			isa = PBXGroup;
			children = (
				2645E3692231930600F9D8C1 /* CoreDataStorage.swift */,
			);
			path = CoreData;
			sourceTree = "<group>";
		};
		26EDF23F22344A7D00EFFE6D /* EditSavedCitiesScreen */ = {
			isa = PBXGroup;
			children = (
				26EDF24022344AEF00EFFE6D /* EditSavedCitiesViewController.swift */,
				26EDF24222344B4400EFFE6D /* EditSavedCitiesVCExtension.swift */,
				26EDF24422344C8A00EFFE6D /* SavedCitiesTVProtocol.swift */,
			);
			path = EditSavedCitiesScreen;
			sourceTree = "<group>";
		};
/* End PBXGroup section */

/* Begin PBXNativeTarget section */
		2624F0AE222EDD1C0034EF51 /* OpenWeatherTestApp */ = {
			isa = PBXNativeTarget;
			buildConfigurationList = 2624F0C4222EDD200034EF51 /* Build configuration list for PBXNativeTarget "OpenWeatherTestApp" */;
			buildPhases = (
				2624F0AB222EDD1C0034EF51 /* Sources */,
				2624F0AC222EDD1C0034EF51 /* Frameworks */,
				2624F0AD222EDD1C0034EF51 /* Resources */,
			);
			buildRules = (
			);
			dependencies = (
			);
			name = OpenWeatherTestApp;
			productName = OpenWeatherTestApp;
			productReference = 2624F0AF222EDD1C0034EF51 /* OpenWeatherTestApp.app */;
			productType = "com.apple.product-type.application";
		};
/* End PBXNativeTarget section */

/* Begin PBXProject section */
		2624F0A7222EDD1C0034EF51 /* Project object */ = {
			isa = PBXProject;
			attributes = {
				LastSwiftUpdateCheck = 1010;
				LastUpgradeCheck = 1010;
				ORGANIZATIONNAME = "Ivan Stebletsov";
				TargetAttributes = {
					2624F0AE222EDD1C0034EF51 = {
						CreatedOnToolsVersion = 10.1;
					};
				};
			};
			buildConfigurationList = 2624F0AA222EDD1C0034EF51 /* Build configuration list for PBXProject "OpenWeatherTestApp" */;
			compatibilityVersion = "Xcode 9.3";
			developmentRegion = en;
			hasScannedForEncodings = 0;
			knownRegions = (
				en,
				Base,
			);
			mainGroup = 2624F0A6222EDD1C0034EF51;
			productRefGroup = 2624F0B0222EDD1C0034EF51 /* Products */;
			projectDirPath = "";
			projectRoot = "";
			targets = (
				2624F0AE222EDD1C0034EF51 /* OpenWeatherTestApp */,
			);
		};
/* End PBXProject section */

/* Begin PBXResourcesBuildPhase section */
		2624F0AD222EDD1C0034EF51 /* Resources */ = {
			isa = PBXResourcesBuildPhase;
			buildActionMask = 2147483647;
			files = (
				2624F0C0222EDD200034EF51 /* LaunchScreen.storyboard in Resources */,
				2624F0BD222EDD200034EF51 /* Assets.xcassets in Resources */,
			);
			runOnlyForDeploymentPostprocessing = 0;
		};
/* End PBXResourcesBuildPhase section */

/* Begin PBXSourcesBuildPhase section */
		2624F0AB222EDD1C0034EF51 /* Sources */ = {
			isa = PBXSourcesBuildPhase;
			buildActionMask = 2147483647;
			files = (
				2645E3732231D6AA00F9D8C1 /* CollectionViewCellExtension.swift in Sources */,
				2645E36822309EB300F9D8C1 /* WeatherForecastTVCellExtension.swift in Sources */,
				2645E3642230855900F9D8C1 /* StringExtension.swift in Sources */,
				2624F0D5222EE9E30034EF51 /* WeatherCVCell.swift in Sources */,
				26EDF23822331FF500EFFE6D /* City.swift in Sources */,
				2645E38022328DEA00F9D8C1 /* AddNewCityViewController.swift in Sources */,
				26EDF24322344B4400EFFE6D /* EditSavedCitiesVCExtension.swift in Sources */,
				2645E35F22304F3500F9D8C1 /* WeatherForecastTVProtocols.swift in Sources */,
				2645E3842232A57F00F9D8C1 /* AddNewCityTVProtocols.swift in Sources */,
				2624F0D0222EE2D70034EF51 /* WeatherVCExtension.swift in Sources */,
				2624F0D2222EE8120034EF51 /* SwipeCVProtocols.swift in Sources */,
				2645E36D2231A36900F9D8C1 /* Weather.swift in Sources */,
				26EDF249223519F400EFFE6D /* ViewExtension.swift in Sources */,
				2645E36622309E5400F9D8C1 /* WeatherCVCellExtension.swift in Sources */,
				2624F0B5222EDD1C0034EF51 /* WeatherViewController.swift in Sources */,
				26E75473222F1C8A00B87ED9 /* NetworkService.swift in Sources */,
				2645E3612230546C00F9D8C1 /* WeatherForecastTVCell.swift in Sources */,
				2645E3792231F47700F9D8C1 /* TableVIewCellExtension.swift in Sources */,
				26EDF247223457A500EFFE6D /* EditSavedCitiesViewModel.swift in Sources */,
				2645E3752231DC4000F9D8C1 /* IntExtension.swift in Sources */,
				2624F0CE222EE0EA0034EF51 /* WeatherViewModel.swift in Sources */,
				2645E37D2232047200F9D8C1 /* WeatherForecastTVCViewModel.swift in Sources */,
				26EDF23E223408FB00EFFE6D /* DataSaverService.swift in Sources */,
				2645E3822232916300F9D8C1 /* AddNewCityVCExtension.swift in Sources */,
				26EDF23A2233D1C300EFFE6D /* AddNewCitySBProtocols.swift in Sources */,
				26EDF23C2233D73F00EFFE6D /* AddNewCityViewModel.swift in Sources */,
				2624F0B3222EDD1C0034EF51 /* AppDelegate.swift in Sources */,
				26EDF24122344AEF00EFFE6D /* EditSavedCitiesViewController.swift in Sources */,
				26EDF24522344C8A00EFFE6D /* SavedCitiesTVProtocol.swift in Sources */,
				2645E36A2231930600F9D8C1 /* CoreDataStorage.swift in Sources */,
				2624F0BB222EDD1C0034EF51 /* OpenWeatherTestApp.xcdatamodeld in Sources */,
			);
			runOnlyForDeploymentPostprocessing = 0;
		};
/* End PBXSourcesBuildPhase section */

/* Begin PBXVariantGroup section */
		2624F0BE222EDD200034EF51 /* LaunchScreen.storyboard */ = {
			isa = PBXVariantGroup;
			children = (
				2624F0BF222EDD200034EF51 /* Base */,
			);
			name = LaunchScreen.storyboard;
			sourceTree = "<group>";
		};
/* End PBXVariantGroup section */

/* Begin XCBuildConfiguration section */
		2624F0C2222EDD200034EF51 /* Debug */ = {
			isa = XCBuildConfiguration;
			buildSettings = {
				ALWAYS_SEARCH_USER_PATHS = NO;
				CLANG_ANALYZER_NONNULL = YES;
				CLANG_ANALYZER_NUMBER_OBJECT_CONVERSION = YES_AGGRESSIVE;
				CLANG_CXX_LANGUAGE_STANDARD = "gnu++14";
				CLANG_CXX_LIBRARY = "libc++";
				CLANG_ENABLE_MODULES = YES;
				CLANG_ENABLE_OBJC_ARC = YES;
				CLANG_ENABLE_OBJC_WEAK = YES;
				CLANG_WARN_BLOCK_CAPTURE_AUTORELEASING = YES;
				CLANG_WARN_BOOL_CONVERSION = YES;
				CLANG_WARN_COMMA = YES;
				CLANG_WARN_CONSTANT_CONVERSION = YES;
				CLANG_WARN_DEPRECATED_OBJC_IMPLEMENTATIONS = YES;
				CLANG_WARN_DIRECT_OBJC_ISA_USAGE = YES_ERROR;
				CLANG_WARN_DOCUMENTATION_COMMENTS = YES;
				CLANG_WARN_EMPTY_BODY = YES;
				CLANG_WARN_ENUM_CONVERSION = YES;
				CLANG_WARN_INFINITE_RECURSION = YES;
				CLANG_WARN_INT_CONVERSION = YES;
				CLANG_WARN_NON_LITERAL_NULL_CONVERSION = YES;
				CLANG_WARN_OBJC_IMPLICIT_RETAIN_SELF = YES;
				CLANG_WARN_OBJC_LITERAL_CONVERSION = YES;
				CLANG_WARN_OBJC_ROOT_CLASS = YES_ERROR;
				CLANG_WARN_RANGE_LOOP_ANALYSIS = YES;
				CLANG_WARN_STRICT_PROTOTYPES = YES;
				CLANG_WARN_SUSPICIOUS_MOVE = YES;
				CLANG_WARN_UNGUARDED_AVAILABILITY = YES_AGGRESSIVE;
				CLANG_WARN_UNREACHABLE_CODE = YES;
				CLANG_WARN__DUPLICATE_METHOD_MATCH = YES;
				CODE_SIGN_IDENTITY = "iPhone Developer";
				COPY_PHASE_STRIP = NO;
				DEBUG_INFORMATION_FORMAT = dwarf;
				ENABLE_STRICT_OBJC_MSGSEND = YES;
				ENABLE_TESTABILITY = YES;
				GCC_C_LANGUAGE_STANDARD = gnu11;
				GCC_DYNAMIC_NO_PIC = NO;
				GCC_NO_COMMON_BLOCKS = YES;
				GCC_OPTIMIZATION_LEVEL = 0;
				GCC_PREPROCESSOR_DEFINITIONS = (
					"DEBUG=1",
					"$(inherited)",
				);
				GCC_WARN_64_TO_32_BIT_CONVERSION = YES;
				GCC_WARN_ABOUT_RETURN_TYPE = YES_ERROR;
				GCC_WARN_UNDECLARED_SELECTOR = YES;
				GCC_WARN_UNINITIALIZED_AUTOS = YES_AGGRESSIVE;
				GCC_WARN_UNUSED_FUNCTION = YES;
				GCC_WARN_UNUSED_VARIABLE = YES;
				IPHONEOS_DEPLOYMENT_TARGET = 12.1;
				MTL_ENABLE_DEBUG_INFO = INCLUDE_SOURCE;
				MTL_FAST_MATH = YES;
				ONLY_ACTIVE_ARCH = YES;
				SDKROOT = iphoneos;
				SWIFT_ACTIVE_COMPILATION_CONDITIONS = DEBUG;
				SWIFT_OPTIMIZATION_LEVEL = "-Onone";
			};
			name = Debug;
		};
		2624F0C3222EDD200034EF51 /* Release */ = {
			isa = XCBuildConfiguration;
			buildSettings = {
				ALWAYS_SEARCH_USER_PATHS = NO;
				CLANG_ANALYZER_NONNULL = YES;
				CLANG_ANALYZER_NUMBER_OBJECT_CONVERSION = YES_AGGRESSIVE;
				CLANG_CXX_LANGUAGE_STANDARD = "gnu++14";
				CLANG_CXX_LIBRARY = "libc++";
				CLANG_ENABLE_MODULES = YES;
				CLANG_ENABLE_OBJC_ARC = YES;
				CLANG_ENABLE_OBJC_WEAK = YES;
				CLANG_WARN_BLOCK_CAPTURE_AUTORELEASING = YES;
				CLANG_WARN_BOOL_CONVERSION = YES;
				CLANG_WARN_COMMA = YES;
				CLANG_WARN_CONSTANT_CONVERSION = YES;
				CLANG_WARN_DEPRECATED_OBJC_IMPLEMENTATIONS = YES;
				CLANG_WARN_DIRECT_OBJC_ISA_USAGE = YES_ERROR;
				CLANG_WARN_DOCUMENTATION_COMMENTS = YES;
				CLANG_WARN_EMPTY_BODY = YES;
				CLANG_WARN_ENUM_CONVERSION = YES;
				CLANG_WARN_INFINITE_RECURSION = YES;
				CLANG_WARN_INT_CONVERSION = YES;
				CLANG_WARN_NON_LITERAL_NULL_CONVERSION = YES;
				CLANG_WARN_OBJC_IMPLICIT_RETAIN_SELF = YES;
				CLANG_WARN_OBJC_LITERAL_CONVERSION = YES;
				CLANG_WARN_OBJC_ROOT_CLASS = YES_ERROR;
				CLANG_WARN_RANGE_LOOP_ANALYSIS = YES;
				CLANG_WARN_STRICT_PROTOTYPES = YES;
				CLANG_WARN_SUSPICIOUS_MOVE = YES;
				CLANG_WARN_UNGUARDED_AVAILABILITY = YES_AGGRESSIVE;
				CLANG_WARN_UNREACHABLE_CODE = YES;
				CLANG_WARN__DUPLICATE_METHOD_MATCH = YES;
				CODE_SIGN_IDENTITY = "iPhone Developer";
				COPY_PHASE_STRIP = NO;
				DEBUG_INFORMATION_FORMAT = "dwarf-with-dsym";
				ENABLE_NS_ASSERTIONS = NO;
				ENABLE_STRICT_OBJC_MSGSEND = YES;
				GCC_C_LANGUAGE_STANDARD = gnu11;
				GCC_NO_COMMON_BLOCKS = YES;
				GCC_WARN_64_TO_32_BIT_CONVERSION = YES;
				GCC_WARN_ABOUT_RETURN_TYPE = YES_ERROR;
				GCC_WARN_UNDECLARED_SELECTOR = YES;
				GCC_WARN_UNINITIALIZED_AUTOS = YES_AGGRESSIVE;
				GCC_WARN_UNUSED_FUNCTION = YES;
				GCC_WARN_UNUSED_VARIABLE = YES;
				IPHONEOS_DEPLOYMENT_TARGET = 12.1;
				MTL_ENABLE_DEBUG_INFO = NO;
				MTL_FAST_MATH = YES;
				SDKROOT = iphoneos;
				SWIFT_COMPILATION_MODE = wholemodule;
				SWIFT_OPTIMIZATION_LEVEL = "-O";
				VALIDATE_PRODUCT = YES;
			};
			name = Release;
		};
		2624F0C5222EDD200034EF51 /* Debug */ = {
			isa = XCBuildConfiguration;
			buildSettings = {
				ASSETCATALOG_COMPILER_APPICON_NAME = AppIcon;
				CODE_SIGN_STYLE = Automatic;
				DEVELOPMENT_TEAM = A9K28Z29SG;
				INFOPLIST_FILE = "$(SRCROOT)/OpenWeatherTestApp/Resources/Info.plist";
				IPHONEOS_DEPLOYMENT_TARGET = 11.0;
				LD_RUNPATH_SEARCH_PATHS = (
					"$(inherited)",
					"@executable_path/Frameworks",
				);
				PRODUCT_BUNDLE_IDENTIFIER = ru.stebletsovIO.OpenWeatherTestApp;
				PRODUCT_NAME = "$(TARGET_NAME)";
				SWIFT_VERSION = 4.2;
				TARGETED_DEVICE_FAMILY = 1;
			};
			name = Debug;
		};
		2624F0C6222EDD200034EF51 /* Release */ = {
			isa = XCBuildConfiguration;
			buildSettings = {
				ASSETCATALOG_COMPILER_APPICON_NAME = AppIcon;
				CODE_SIGN_STYLE = Automatic;
				DEVELOPMENT_TEAM = A9K28Z29SG;
				INFOPLIST_FILE = "$(SRCROOT)/OpenWeatherTestApp/Resources/Info.plist";
				IPHONEOS_DEPLOYMENT_TARGET = 11.0;
				LD_RUNPATH_SEARCH_PATHS = (
					"$(inherited)",
					"@executable_path/Frameworks",
				);
				PRODUCT_BUNDLE_IDENTIFIER = ru.stebletsovIO.OpenWeatherTestApp;
				PRODUCT_NAME = "$(TARGET_NAME)";
				SWIFT_VERSION = 4.2;
				TARGETED_DEVICE_FAMILY = 1;
			};
			name = Release;
		};
/* End XCBuildConfiguration section */

/* Begin XCConfigurationList section */
		2624F0AA222EDD1C0034EF51 /* Build configuration list for PBXProject "OpenWeatherTestApp" */ = {
			isa = XCConfigurationList;
			buildConfigurations = (
				2624F0C2222EDD200034EF51 /* Debug */,
				2624F0C3222EDD200034EF51 /* Release */,
			);
			defaultConfigurationIsVisible = 0;
			defaultConfigurationName = Release;
		};
		2624F0C4222EDD200034EF51 /* Build configuration list for PBXNativeTarget "OpenWeatherTestApp" */ = {
			isa = XCConfigurationList;
			buildConfigurations = (
				2624F0C5222EDD200034EF51 /* Debug */,
				2624F0C6222EDD200034EF51 /* Release */,
			);
			defaultConfigurationIsVisible = 0;
			defaultConfigurationName = Release;
		};
/* End XCConfigurationList section */

/* Begin XCVersionGroup section */
		2624F0B9222EDD1C0034EF51 /* OpenWeatherTestApp.xcdatamodeld */ = {
			isa = XCVersionGroup;
			children = (
				2624F0BA222EDD1C0034EF51 /* OpenWeatherTestApp.xcdatamodel */,
			);
			currentVersion = 2624F0BA222EDD1C0034EF51 /* OpenWeatherTestApp.xcdatamodel */;
			path = OpenWeatherTestApp.xcdatamodeld;
			sourceTree = "<group>";
			versionGroupType = wrapper.xcdatamodel;
		};
/* End XCVersionGroup section */
	};
	rootObject = 2624F0A7222EDD1C0034EF51 /* Project object */;
}
